
Microsoft Visual Studio Solution File, Format Version 12.00
# Visual Studio 15
VisualStudioVersion = 15.0.26228.4
MinimumVisualStudioVersion = 10.0.40219.1
Project("{FAE04EC0-301F-11D3-BF4B-00C04F79EFBC}") = "CADReader", "CADReader\CADReader.csproj", "{057872B7-8E3C-4047-8E73-73ACB3232FA7}"
EndProject
Project("{FAE04EC0-301F-11D3-BF4B-00C04F79EFBC}") = "IfcFileCreator", "IfcFileCreator\IfcFileCreator.csproj", "{6FF0210A-DA2F-4209-A715-678382C1B2F2}"
EndProject
Project("{FAE04EC0-301F-11D3-BF4B-00C04F79EFBC}") = "BIMWebViewer", "BIMWebViewer\BIMWebViewer.csproj", "{A794858E-90F3-470B-A907-B258F86D7640}"
EndProject
Project("{FAE04EC0-301F-11D3-BF4B-00C04F79EFBC}") = "FormworkTrials", "FormworkTrials\FormworkTrials.csproj", "{DB7F49A0-1111-42A1-95FA-56D04A921BAD}"
EndProject
Global
	GlobalSection(SolutionConfigurationPlatforms) = preSolution
		Debug|Any CPU = Debug|Any CPU
		Debug|x86 = Debug|x86
		Release|Any CPU = Release|Any CPU
		Release|x86 = Release|x86
	EndGlobalSection
	GlobalSection(ProjectConfigurationPlatforms) = postSolution
		{057872B7-8E3C-4047-8E73-73ACB3232FA7}.Debug|Any CPU.ActiveCfg = Debug|Any CPU
		{057872B7-8E3C-4047-8E73-73ACB3232FA7}.Debug|Any CPU.Build.0 = Debug|Any CPU
		{057872B7-8E3C-4047-8E73-73ACB3232FA7}.Debug|x86.ActiveCfg = Debug|Any CPU
		{057872B7-8E3C-4047-8E73-73ACB3232FA7}.Debug|x86.Build.0 = Debug|Any CPU
		{057872B7-8E3C-4047-8E73-73ACB3232FA7}.Release|Any CPU.ActiveCfg = Release|Any CPU
		{057872B7-8E3C-4047-8E73-73ACB3232FA7}.Release|Any CPU.Build.0 = Release|Any CPU
		{057872B7-8E3C-4047-8E73-73ACB3232FA7}.Release|x86.ActiveCfg = Release|Any CPU
		{057872B7-8E3C-4047-8E73-73ACB3232FA7}.Release|x86.Build.0 = Release|Any CPU
		{6FF0210A-DA2F-4209-A715-678382C1B2F2}.Debug|Any CPU.ActiveCfg = Debug|Any CPU
		{6FF0210A-DA2F-4209-A715-678382C1B2F2}.Debug|Any CPU.Build.0 = Debug|Any CPU
		{6FF0210A-DA2F-4209-A715-678382C1B2F2}.Debug|x86.ActiveCfg = Debug|Any CPU
		{6FF0210A-DA2F-4209-A715-678382C1B2F2}.Debug|x86.Build.0 = Debug|Any CPU
		{6FF0210A-DA2F-4209-A715-678382C1B2F2}.Release|Any CPU.ActiveCfg = Release|Any CPU
		{6FF0210A-DA2F-4209-A715-678382C1B2F2}.Release|Any CPU.Build.0 = Release|Any CPU
		{6FF0210A-DA2F-4209-A715-678382C1B2F2}.Release|x86.ActiveCfg = Release|Any CPU
		{6FF0210A-DA2F-4209-A715-678382C1B2F2}.Release|x86.Build.0 = Release|Any CPU
		{A794858E-90F3-470B-A907-B258F86D7640}.Debug|Any CPU.ActiveCfg = Debug|Any CPU
		{A794858E-90F3-470B-A907-B258F86D7640}.Debug|Any CPU.Build.0 = Debug|Any CPU
		{A794858E-90F3-470B-A907-B258F86D7640}.Debug|x86.ActiveCfg = Debug|x86
		{A794858E-90F3-470B-A907-B258F86D7640}.Debug|x86.Build.0 = Debug|x86
		{A794858E-90F3-470B-A907-B258F86D7640}.Release|Any CPU.ActiveCfg = Release|Any CPU
		{A794858E-90F3-470B-A907-B258F86D7640}.Release|Any CPU.Build.0 = Release|Any CPU
		{A794858E-90F3-470B-A907-B258F86D7640}.Release|x86.ActiveCfg = Release|x86
		{A794858E-90F3-470B-A907-B258F86D7640}.Release|x86.Build.0 = Release|x86
		{DB7F49A0-1111-42A1-95FA-56D04A921BAD}.Debug|Any CPU.ActiveCfg = Debug|Any CPU
		{DB7F49A0-1111-42A1-95FA-56D04A921BAD}.Debug|Any CPU.Build.0 = Debug|Any CPU
		{DB7F49A0-1111-42A1-95FA-56D04A921BAD}.Debug|x86.ActiveCfg = Debug|Any CPU
		{DB7F49A0-1111-42A1-95FA-56D04A921BAD}.Debug|x86.Build.0 = Debug|Any CPU
		{DB7F49A0-1111-42A1-95FA-56D04A921BAD}.Release|Any CPU.ActiveCfg = Release|Any CPU
		{DB7F49A0-1111-42A1-95FA-56D04A921BAD}.Release|Any CPU.Build.0 = Release|Any CPU
		{DB7F49A0-1111-42A1-95FA-56D04A921BAD}.Release|x86.ActiveCfg = Release|Any CPU
		{DB7F49A0-1111-42A1-95FA-56D04A921BAD}.Release|x86.Build.0 = Release|Any CPU
	EndGlobalSection
	GlobalSection(SolutionProperties) = preSolution
		HideSolutionNode = FALSE
	EndGlobalSection
EndGlobal
